<?xml version="1.0" encoding="utf-8"?>
<Project ToolsVersion="4.0" xmlns="http://schemas.microsoft.com/developer/msbuild/2003">
  <ItemGroup>
    <ClCompile Include="pch.cpp" />
    <ClCompile Include="test.cpp">
      <Filter>test</Filter>
    </ClCompile>
    <ClCompile Include="main.cpp">
      <Filter>src</Filter>
    </ClCompile>
  </ItemGroup>
  <ItemGroup>
    <ClInclude Include="pch.h" />
  </ItemGroup>
  <ItemGroup>
    <None Include="packages.config" />
  </ItemGroup>
  <ItemGroup>
    <Filter Include="src">
      <UniqueIdentifier>{ae823c1b-fc7b-439e-9bc1-d30548ec6227}</UniqueIdentifier>
    </Filter>
    <Filter Include="test">
      <UniqueIdentifier>{407c5334-62bf-4d23-9a44-736f0b286aa9}</UniqueIdentifier>
    </Filter>
  </ItemGroup>
</Project>